// !$*UTF8*$!
{
	archiveVersion = 1;
	classes = {
	};
	objectVersion = 51;
	objects = {

/* Begin PBXBuildFile section */
		315C0A9E249C9DBA00F2A644 /* AppDelegate.swift in Sources */ = {isa = PBXBuildFile; fileRef = 315C0A9D249C9DBA00F2A644 /* AppDelegate.swift */; };
		315C0AA0249C9DBA00F2A644 /* ViewController.swift in Sources */ = {isa = PBXBuildFile; fileRef = 315C0A9F249C9DBA00F2A644 /* ViewController.swift */; };
		315C0AA3249C9DBA00F2A644 /* Main.storyboard in Resources */ = {isa = PBXBuildFile; fileRef = 315C0AA1249C9DBA00F2A644 /* Main.storyboard */; };
		315C0AA5249C9DBB00F2A644 /* Assets.xcassets in Resources */ = {isa = PBXBuildFile; fileRef = 315C0AA4249C9DBB00F2A644 /* Assets.xcassets */; };
		315C0AA8249C9DBB00F2A644 /* LaunchScreen.storyboard in Resources */ = {isa = PBXBuildFile; fileRef = 315C0AA6249C9DBB00F2A644 /* LaunchScreen.storyboard */; };
		315C0AB6249C9E9200F2A644 /* CodebaseTests.swift in Sources */ = {isa = PBXBuildFile; fileRef = 315C0AB5249C9E9200F2A644 /* CodebaseTests.swift */; };
		315C0AC0249CAF5D00F2A644 /* Regex.swift in Sources */ = {isa = PBXBuildFile; fileRef = 315C0ABF249CAF5D00F2A644 /* Regex.swift */; };
		315C0AC2249CAF8F00F2A644 /* String+Util.swift in Sources */ = {isa = PBXBuildFile; fileRef = 315C0AC1249CAF8F00F2A644 /* String+Util.swift */; };
		315C0AC4249CAFBB00F2A644 /* UIColor+Util.swift in Sources */ = {isa = PBXBuildFile; fileRef = 315C0AC3249CAFBB00F2A644 /* UIColor+Util.swift */; };
		315C0AC6249CB1E400F2A644 /* URL+Util.swift in Sources */ = {isa = PBXBuildFile; fileRef = 315C0AC5249CB1E400F2A644 /* URL+Util.swift */; };
		315C0AC8249CB2D900F2A644 /* Secret.swift in Sources */ = {isa = PBXBuildFile; fileRef = 315C0AC7249CB2D900F2A644 /* Secret.swift */; };
		315C0ACA249CB35100F2A644 /* UIView+Modifier.swift in Sources */ = {isa = PBXBuildFile; fileRef = 315C0AC9249CB35100F2A644 /* UIView+Modifier.swift */; };
		315C0ACC249CB40400F2A644 /* Util.swift in Sources */ = {isa = PBXBuildFile; fileRef = 315C0ACB249CB40400F2A644 /* Util.swift */; };
		315C0ACF249CB70400F2A644 /* TimerViewController.swift in Sources */ = {isa = PBXBuildFile; fileRef = 315C0ACE249CB70400F2A644 /* TimerViewController.swift */; };
		315C0AD2249CC3A900F2A644 /* KingGridLayout.swift in Sources */ = {isa = PBXBuildFile; fileRef = 315C0AD1249CC3A900F2A644 /* KingGridLayout.swift */; };
		315C0AD4249CC53600F2A644 /* CollectionViewController.swift in Sources */ = {isa = PBXBuildFile; fileRef = 315C0AD3249CC53600F2A644 /* CollectionViewController.swift */; };
		315C0AD6249CC83300F2A644 /* CellReuseIdentifier.swift in Sources */ = {isa = PBXBuildFile; fileRef = 315C0AD5249CC83300F2A644 /* CellReuseIdentifier.swift */; };
		3164C484249CCC41004B03F3 /* PageGridLayout.swift in Sources */ = {isa = PBXBuildFile; fileRef = 3164C483249CCC41004B03F3 /* PageGridLayout.swift */; };
		316E0F71249DB7C100A6F93A /* Theme.swift in Sources */ = {isa = PBXBuildFile; fileRef = 316E0F70249DB7C100A6F93A /* Theme.swift */; };
		316E0F74249E0ACE00A6F93A /* FPSWindow.swift in Sources */ = {isa = PBXBuildFile; fileRef = 316E0F73249E0ACE00A6F93A /* FPSWindow.swift */; };
		316E0F76249E0C0E00A6F93A /* SimpleLog.swift in Sources */ = {isa = PBXBuildFile; fileRef = 316E0F75249E0C0E00A6F93A /* SimpleLog.swift */; };
		316E0F78249E10B300A6F93A /* FormatterFactory.swift in Sources */ = {isa = PBXBuildFile; fileRef = 316E0F77249E10B300A6F93A /* FormatterFactory.swift */; };
/* End PBXBuildFile section */

/* Begin PBXContainerItemProxy section */
		315C0AB8249C9E9200F2A644 /* PBXContainerItemProxy */ = {
			isa = PBXContainerItemProxy;
			containerPortal = 315C0A92249C9DBA00F2A644 /* Project object */;
			proxyType = 1;
			remoteGlobalIDString = 315C0A99249C9DBA00F2A644;
			remoteInfo = Codebase;
		};
/* End PBXContainerItemProxy section */

/* Begin PBXFileReference section */
		315C0A9A249C9DBA00F2A644 /* Codebase.app */ = {isa = PBXFileReference; explicitFileType = wrapper.application; includeInIndex = 0; path = Codebase.app; sourceTree = BUILT_PRODUCTS_DIR; };
		315C0A9D249C9DBA00F2A644 /* AppDelegate.swift */ = {isa = PBXFileReference; lastKnownFileType = sourcecode.swift; path = AppDelegate.swift; sourceTree = "<group>"; };
		315C0A9F249C9DBA00F2A644 /* ViewController.swift */ = {isa = PBXFileReference; lastKnownFileType = sourcecode.swift; path = ViewController.swift; sourceTree = "<group>"; };
		315C0AA2249C9DBA00F2A644 /* Base */ = {isa = PBXFileReference; lastKnownFileType = file.storyboard; name = Base; path = Base.lproj/Main.storyboard; sourceTree = "<group>"; };
		315C0AA4249C9DBB00F2A644 /* Assets.xcassets */ = {isa = PBXFileReference; lastKnownFileType = folder.assetcatalog; path = Assets.xcassets; sourceTree = "<group>"; };
		315C0AA7249C9DBB00F2A644 /* Base */ = {isa = PBXFileReference; lastKnownFileType = file.storyboard; name = Base; path = Base.lproj/LaunchScreen.storyboard; sourceTree = "<group>"; };
		315C0AA9249C9DBB00F2A644 /* Info.plist */ = {isa = PBXFileReference; lastKnownFileType = text.plist.xml; path = Info.plist; sourceTree = "<group>"; };
		315C0AB3249C9E9200F2A644 /* CodebaseTests.xctest */ = {isa = PBXFileReference; explicitFileType = wrapper.cfbundle; includeInIndex = 0; path = CodebaseTests.xctest; sourceTree = BUILT_PRODUCTS_DIR; };
		315C0AB5249C9E9200F2A644 /* CodebaseTests.swift */ = {isa = PBXFileReference; lastKnownFileType = sourcecode.swift; path = CodebaseTests.swift; sourceTree = "<group>"; };
		315C0AB7249C9E9200F2A644 /* Info.plist */ = {isa = PBXFileReference; lastKnownFileType = text.plist.xml; path = Info.plist; sourceTree = "<group>"; };
		315C0ABF249CAF5D00F2A644 /* Regex.swift */ = {isa = PBXFileReference; lastKnownFileType = sourcecode.swift; path = Regex.swift; sourceTree = "<group>"; };
		315C0AC1249CAF8F00F2A644 /* String+Util.swift */ = {isa = PBXFileReference; lastKnownFileType = sourcecode.swift; path = "String+Util.swift"; sourceTree = "<group>"; };
		315C0AC3249CAFBB00F2A644 /* UIColor+Util.swift */ = {isa = PBXFileReference; lastKnownFileType = sourcecode.swift; path = "UIColor+Util.swift"; sourceTree = "<group>"; };
		315C0AC5249CB1E400F2A644 /* URL+Util.swift */ = {isa = PBXFileReference; lastKnownFileType = sourcecode.swift; path = "URL+Util.swift"; sourceTree = "<group>"; };
		315C0AC7249CB2D900F2A644 /* Secret.swift */ = {isa = PBXFileReference; lastKnownFileType = sourcecode.swift; path = Secret.swift; sourceTree = "<group>"; };
		315C0AC9249CB35100F2A644 /* UIView+Modifier.swift */ = {isa = PBXFileReference; lastKnownFileType = sourcecode.swift; path = "UIView+Modifier.swift"; sourceTree = "<group>"; };
		315C0ACB249CB40400F2A644 /* Util.swift */ = {isa = PBXFileReference; lastKnownFileType = sourcecode.swift; path = Util.swift; sourceTree = "<group>"; };
		315C0ACE249CB70400F2A644 /* TimerViewController.swift */ = {isa = PBXFileReference; lastKnownFileType = sourcecode.swift; path = TimerViewController.swift; sourceTree = "<group>"; };
		315C0AD1249CC3A900F2A644 /* KingGridLayout.swift */ = {isa = PBXFileReference; lastKnownFileType = sourcecode.swift; path = KingGridLayout.swift; sourceTree = "<group>"; };
		315C0AD3249CC53600F2A644 /* CollectionViewController.swift */ = {isa = PBXFileReference; lastKnownFileType = sourcecode.swift; path = CollectionViewController.swift; sourceTree = "<group>"; };
		315C0AD5249CC83300F2A644 /* CellReuseIdentifier.swift */ = {isa = PBXFileReference; lastKnownFileType = sourcecode.swift; path = CellReuseIdentifier.swift; sourceTree = "<group>"; };
		3164C483249CCC41004B03F3 /* PageGridLayout.swift */ = {isa = PBXFileReference; lastKnownFileType = sourcecode.swift; path = PageGridLayout.swift; sourceTree = "<group>"; };
		316E0F70249DB7C100A6F93A /* Theme.swift */ = {isa = PBXFileReference; lastKnownFileType = sourcecode.swift; path = Theme.swift; sourceTree = "<group>"; };
		316E0F73249E0ACE00A6F93A /* FPSWindow.swift */ = {isa = PBXFileReference; fileEncoding = 4; lastKnownFileType = sourcecode.swift; path = FPSWindow.swift; sourceTree = "<group>"; };
		316E0F75249E0C0E00A6F93A /* SimpleLog.swift */ = {isa = PBXFileReference; lastKnownFileType = sourcecode.swift; path = SimpleLog.swift; sourceTree = "<group>"; };
		316E0F77249E10B300A6F93A /* FormatterFactory.swift */ = {isa = PBXFileReference; lastKnownFileType = sourcecode.swift; path = FormatterFactory.swift; sourceTree = "<group>"; };
/* End PBXFileReference section */

/* Begin PBXFrameworksBuildPhase section */
		315C0A97249C9DBA00F2A644 /* Frameworks */ = {
			isa = PBXFrameworksBuildPhase;
			buildActionMask = 2147483647;
			files = (
			);
			runOnlyForDeploymentPostprocessing = 0;
		};
		315C0AB0249C9E9200F2A644 /* Frameworks */ = {
			isa = PBXFrameworksBuildPhase;
			buildActionMask = 2147483647;
			files = (
			);
			runOnlyForDeploymentPostprocessing = 0;
		};
/* End PBXFrameworksBuildPhase section */

/* Begin PBXGroup section */
		315C0A91249C9DBA00F2A644 = {
			isa = PBXGroup;
			children = (
				315C0A9C249C9DBA00F2A644 /* Codebase */,
				315C0AB4249C9E9200F2A644 /* CodebaseTests */,
				315C0A9B249C9DBA00F2A644 /* Products */,
			);
			sourceTree = "<group>";
		};
		315C0A9B249C9DBA00F2A644 /* Products */ = {
			isa = PBXGroup;
			children = (
				315C0A9A249C9DBA00F2A644 /* Codebase.app */,
				315C0AB3249C9E9200F2A644 /* CodebaseTests.xctest */,
			);
			name = Products;
			sourceTree = "<group>";
		};
		315C0A9C249C9DBA00F2A644 /* Codebase */ = {
			isa = PBXGroup;
			children = (
				315C0A9D249C9DBA00F2A644 /* AppDelegate.swift */,
				315C0A9F249C9DBA00F2A644 /* ViewController.swift */,
				315C0AD3249CC53600F2A644 /* CollectionViewController.swift */,
				316E0F73249E0ACE00A6F93A /* FPSWindow.swift */,
				316E0F70249DB7C100A6F93A /* Theme.swift */,
				315C0AD0249CC37800F2A644 /* Layout */,
				315C0ACD249CB6D900F2A644 /* ChildControllers */,
				315C0ABE249CAF4A00F2A644 /* Utils */,
				315C0ABD249CAF3A00F2A644 /* Extensions */,
				315C0AA1249C9DBA00F2A644 /* Main.storyboard */,
				315C0AA4249C9DBB00F2A644 /* Assets.xcassets */,
				315C0AA6249C9DBB00F2A644 /* LaunchScreen.storyboard */,
				315C0AA9249C9DBB00F2A644 /* Info.plist */,
			);
			path = Codebase;
			sourceTree = "<group>";
		};
		315C0AB4249C9E9200F2A644 /* CodebaseTests */ = {
			isa = PBXGroup;
			children = (
				315C0AB5249C9E9200F2A644 /* CodebaseTests.swift */,
				315C0AB7249C9E9200F2A644 /* Info.plist */,
			);
			path = CodebaseTests;
			sourceTree = "<group>";
		};
		315C0ABD249CAF3A00F2A644 /* Extensions */ = {
			isa = PBXGroup;
			children = (
				315C0AC1249CAF8F00F2A644 /* String+Util.swift */,
				315C0AC3249CAFBB00F2A644 /* UIColor+Util.swift */,
				315C0AC5249CB1E400F2A644 /* URL+Util.swift */,
				315C0AC9249CB35100F2A644 /* UIView+Modifier.swift */,
				315C0AD5249CC83300F2A644 /* CellReuseIdentifier.swift */,
			);
			path = Extensions;
			sourceTree = "<group>";
		};
		315C0ABE249CAF4A00F2A644 /* Utils */ = {
			isa = PBXGroup;
			children = (
				315C0ABF249CAF5D00F2A644 /* Regex.swift */,
				315C0AC7249CB2D900F2A644 /* Secret.swift */,
				315C0ACB249CB40400F2A644 /* Util.swift */,
				316E0F75249E0C0E00A6F93A /* SimpleLog.swift */,
				316E0F77249E10B300A6F93A /* FormatterFactory.swift */,
			);
			path = Utils;
			sourceTree = "<group>";
		};
		315C0ACD249CB6D900F2A644 /* ChildControllers */ = {
			isa = PBXGroup;
			children = (
				315C0ACE249CB70400F2A644 /* TimerViewController.swift */,
			);
			path = ChildControllers;
			sourceTree = "<group>";
		};
		315C0AD0249CC37800F2A644 /* Layout */ = {
			isa = PBXGroup;
			children = (
				315C0AD1249CC3A900F2A644 /* KingGridLayout.swift */,
				3164C483249CCC41004B03F3 /* PageGridLayout.swift */,
			);
			path = Layout;
			sourceTree = "<group>";
		};
/* End PBXGroup section */

/* Begin PBXNativeTarget section */
		315C0A99249C9DBA00F2A644 /* Codebase */ = {
			isa = PBXNativeTarget;
			buildConfigurationList = 315C0AAC249C9DBB00F2A644 /* Build configuration list for PBXNativeTarget "Codebase" */;
			buildPhases = (
				315C0A96249C9DBA00F2A644 /* Sources */,
				315C0A97249C9DBA00F2A644 /* Frameworks */,
				315C0A98249C9DBA00F2A644 /* Resources */,
			);
			buildRules = (
			);
			dependencies = (
			);
			name = Codebase;
			productName = Codebase;
			productReference = 315C0A9A249C9DBA00F2A644 /* Codebase.app */;
			productType = "com.apple.product-type.application";
		};
		315C0AB2249C9E9200F2A644 /* CodebaseTests */ = {
			isa = PBXNativeTarget;
			buildConfigurationList = 315C0ABA249C9E9200F2A644 /* Build configuration list for PBXNativeTarget "CodebaseTests" */;
			buildPhases = (
				315C0AAF249C9E9200F2A644 /* Sources */,
				315C0AB0249C9E9200F2A644 /* Frameworks */,
				315C0AB1249C9E9200F2A644 /* Resources */,
				316E0F6F249DAD9300A6F93A /* Carthage */,
				316E0F72249DEC7400A6F93A /* SwiftLint */,
			);
			buildRules = (
			);
			dependencies = (
				315C0AB9249C9E9200F2A644 /* PBXTargetDependency */,
			);
			name = CodebaseTests;
			productName = CodebaseTests;
			productReference = 315C0AB3249C9E9200F2A644 /* CodebaseTests.xctest */;
			productType = "com.apple.product-type.bundle.unit-test";
		};
/* End PBXNativeTarget section */

/* Begin PBXProject section */
		315C0A92249C9DBA00F2A644 /* Project object */ = {
			isa = PBXProject;
			attributes = {
				LastSwiftUpdateCheck = 1020;
				LastUpgradeCheck = 1020;
				ORGANIZATIONNAME = "Purkylin King";
				TargetAttributes = {
					315C0A99249C9DBA00F2A644 = {
						CreatedOnToolsVersion = 10.2.1;
					};
					315C0AB2249C9E9200F2A644 = {
						CreatedOnToolsVersion = 10.2.1;
						TestTargetID = 315C0A99249C9DBA00F2A644;
					};
				};
			};
			buildConfigurationList = 315C0A95249C9DBA00F2A644 /* Build configuration list for PBXProject "Codebase" */;
			compatibilityVersion = "Xcode 9.3";
			developmentRegion = en;
			hasScannedForEncodings = 0;
			knownRegions = (
				en,
				Base,
			);
			mainGroup = 315C0A91249C9DBA00F2A644;
			productRefGroup = 315C0A9B249C9DBA00F2A644 /* Products */;
			projectDirPath = "";
			projectRoot = "";
			targets = (
				315C0A99249C9DBA00F2A644 /* Codebase */,
				315C0AB2249C9E9200F2A644 /* CodebaseTests */,
			);
		};
/* End PBXProject section */

/* Begin PBXResourcesBuildPhase section */
		315C0A98249C9DBA00F2A644 /* Resources */ = {
			isa = PBXResourcesBuildPhase;
			buildActionMask = 2147483647;
			files = (
				315C0AA8249C9DBB00F2A644 /* LaunchScreen.storyboard in Resources */,
				315C0AA5249C9DBB00F2A644 /* Assets.xcassets in Resources */,
				315C0AA3249C9DBA00F2A644 /* Main.storyboard in Resources */,
			);
			runOnlyForDeploymentPostprocessing = 0;
		};
		315C0AB1249C9E9200F2A644 /* Resources */ = {
			isa = PBXResourcesBuildPhase;
			buildActionMask = 2147483647;
			files = (
			);
			runOnlyForDeploymentPostprocessing = 0;
		};
/* End PBXResourcesBuildPhase section */

/* Begin PBXShellScriptBuildPhase section */
		316E0F6F249DAD9300A6F93A /* Carthage */ = {
			isa = PBXShellScriptBuildPhase;
			buildActionMask = 2147483647;
			files = (
			);
			inputFileListPaths = (
				"$(SRCROOT)/input.xcfilelist",
			);
			inputPaths = (
			);
			name = Carthage;
			outputFileListPaths = (
				"$(SRCROOT)/output.xcfilelist",
			);
			outputPaths = (
			);
			runOnlyForDeploymentPostprocessing = 0;
			shellPath = /bin/sh;
			shellScript = "/usr/local/bin/carthage copy-frameworks\n\n";
		};
		316E0F72249DEC7400A6F93A /* SwiftLint */ = {
			isa = PBXShellScriptBuildPhase;
			buildActionMask = 2147483647;
			files = (
			);
			inputFileListPaths = (
			);
			inputPaths = (
			);
			name = SwiftLint;
			outputFileListPaths = (
			);
			outputPaths = (
			);
			runOnlyForDeploymentPostprocessing = 0;
			shellPath = /bin/sh;
			shellScript = "if which swiftlint >/dev/null; then\nswiftlint\nelse\necho \"warning: SwiftLint not installed, download from https://github.com/realm/SwiftLint\"\nfi\n";
		};
/* End PBXShellScriptBuildPhase section */

/* Begin PBXSourcesBuildPhase section */
		315C0A96249C9DBA00F2A644 /* Sources */ = {
			isa = PBXSourcesBuildPhase;
			buildActionMask = 2147483647;
			files = (
				315C0AD4249CC53600F2A644 /* CollectionViewController.swift in Sources */,
				315C0AC2249CAF8F00F2A644 /* String+Util.swift in Sources */,
				315C0ACC249CB40400F2A644 /* Util.swift in Sources */,
				315C0AC8249CB2D900F2A644 /* Secret.swift in Sources */,
				315C0AC6249CB1E400F2A644 /* URL+Util.swift in Sources */,
				315C0AD6249CC83300F2A644 /* CellReuseIdentifier.swift in Sources */,
				315C0ACA249CB35100F2A644 /* UIView+Modifier.swift in Sources */,
				315C0ACF249CB70400F2A644 /* TimerViewController.swift in Sources */,
				315C0AC4249CAFBB00F2A644 /* UIColor+Util.swift in Sources */,
				315C0AA0249C9DBA00F2A644 /* ViewController.swift in Sources */,
				315C0A9E249C9DBA00F2A644 /* AppDelegate.swift in Sources */,
				316E0F74249E0ACE00A6F93A /* FPSWindow.swift in Sources */,
				316E0F76249E0C0E00A6F93A /* SimpleLog.swift in Sources */,
				315C0AD2249CC3A900F2A644 /* KingGridLayout.swift in Sources */,
				316E0F71249DB7C100A6F93A /* Theme.swift in Sources */,
				3164C484249CCC41004B03F3 /* PageGridLayout.swift in Sources */,
				315C0AC0249CAF5D00F2A644 /* Regex.swift in Sources */,
				316E0F78249E10B300A6F93A /* FormatterFactory.swift in Sources */,
			);
			runOnlyForDeploymentPostprocessing = 0;
		};
		315C0AAF249C9E9200F2A644 /* Sources */ = {
			isa = PBXSourcesBuildPhase;
			buildActionMask = 2147483647;
			files = (
				315C0AB6249C9E9200F2A644 /* CodebaseTests.swift in Sources */,
			);
			runOnlyForDeploymentPostprocessing = 0;
		};
/* End PBXSourcesBuildPhase section */

/* Begin PBXTargetDependency section */
		315C0AB9249C9E9200F2A644 /* PBXTargetDependency */ = {
			isa = PBXTargetDependency;
			target = 315C0A99249C9DBA00F2A644 /* Codebase */;
			targetProxy = 315C0AB8249C9E9200F2A644 /* PBXContainerItemProxy */;
		};
/* End PBXTargetDependency section */

/* Begin PBXVariantGroup section */
		315C0AA1249C9DBA00F2A644 /* Main.storyboard */ = {
			isa = PBXVariantGroup;
			children = (
				315C0AA2249C9DBA00F2A644 /* Base */,
			);
			name = Main.storyboard;
			sourceTree = "<group>";
		};
		315C0AA6249C9DBB00F2A644 /* LaunchScreen.storyboard */ = {
			isa = PBXVariantGroup;
			children = (
				315C0AA7249C9DBB00F2A644 /* Base */,
			);
			name = LaunchScreen.storyboard;
			sourceTree = "<group>";
		};
/* End PBXVariantGroup section */

/* Begin XCBuildConfiguration section */
		315C0AAA249C9DBB00F2A644 /* Debug */ = {
			isa = XCBuildConfiguration;
			buildSettings = {
				ALWAYS_SEARCH_USER_PATHS = NO;
				CLANG_ANALYZER_NONNULL = YES;
				CLANG_ANALYZER_NUMBER_OBJECT_CONVERSION = YES_AGGRESSIVE;
				CLANG_CXX_LANGUAGE_STANDARD = "gnu++14";
				CLANG_CXX_LIBRARY = "libc++";
				CLANG_ENABLE_MODULES = YES;
				CLANG_ENABLE_OBJC_ARC = YES;
				CLANG_ENABLE_OBJC_WEAK = YES;
				CLANG_WARN_BLOCK_CAPTURE_AUTORELEASING = YES;
				CLANG_WARN_BOOL_CONVERSION = YES;
				CLANG_WARN_COMMA = YES;
				CLANG_WARN_CONSTANT_CONVERSION = YES;
				CLANG_WARN_DEPRECATED_OBJC_IMPLEMENTATIONS = YES;
				CLANG_WARN_DIRECT_OBJC_ISA_USAGE = YES_ERROR;
				CLANG_WARN_DOCUMENTATION_COMMENTS = YES;
				CLANG_WARN_EMPTY_BODY = YES;
				CLANG_WARN_ENUM_CONVERSION = YES;
				CLANG_WARN_INFINITE_RECURSION = YES;
				CLANG_WARN_INT_CONVERSION = YES;
				CLANG_WARN_NON_LITERAL_NULL_CONVERSION = YES;
				CLANG_WARN_OBJC_IMPLICIT_RETAIN_SELF = YES;
				CLANG_WARN_OBJC_LITERAL_CONVERSION = YES;
				CLANG_WARN_OBJC_ROOT_CLASS = YES_ERROR;
				CLANG_WARN_RANGE_LOOP_ANALYSIS = YES;
				CLANG_WARN_STRICT_PROTOTYPES = YES;
				CLANG_WARN_SUSPICIOUS_MOVE = YES;
				CLANG_WARN_UNGUARDED_AVAILABILITY = YES_AGGRESSIVE;
				CLANG_WARN_UNREACHABLE_CODE = YES;
				CLANG_WARN__DUPLICATE_METHOD_MATCH = YES;
				CODE_SIGN_IDENTITY = "iPhone Developer";
				COPY_PHASE_STRIP = NO;
				DEBUG_INFORMATION_FORMAT = dwarf;
				ENABLE_STRICT_OBJC_MSGSEND = YES;
				ENABLE_TESTABILITY = YES;
				GCC_C_LANGUAGE_STANDARD = gnu11;
				GCC_DYNAMIC_NO_PIC = NO;
				GCC_NO_COMMON_BLOCKS = YES;
				GCC_OPTIMIZATION_LEVEL = 0;
				GCC_PREPROCESSOR_DEFINITIONS = (
					"DEBUG=1",
					"$(inherited)",
				);
				GCC_WARN_64_TO_32_BIT_CONVERSION = YES;
				GCC_WARN_ABOUT_RETURN_TYPE = YES_ERROR;
				GCC_WARN_UNDECLARED_SELECTOR = YES;
				GCC_WARN_UNINITIALIZED_AUTOS = YES_AGGRESSIVE;
				GCC_WARN_UNUSED_FUNCTION = YES;
				GCC_WARN_UNUSED_VARIABLE = YES;
				IPHONEOS_DEPLOYMENT_TARGET = 12.2;
				MTL_ENABLE_DEBUG_INFO = INCLUDE_SOURCE;
				MTL_FAST_MATH = YES;
				ONLY_ACTIVE_ARCH = YES;
				SDKROOT = iphoneos;
				SWIFT_ACTIVE_COMPILATION_CONDITIONS = DEBUG;
				SWIFT_OPTIMIZATION_LEVEL = "-Onone";
			};
			name = Debug;
		};
		315C0AAB249C9DBB00F2A644 /* Release */ = {
			isa = XCBuildConfiguration;
			buildSettings = {
				ALWAYS_SEARCH_USER_PATHS = NO;
				CLANG_ANALYZER_NONNULL = YES;
				CLANG_ANALYZER_NUMBER_OBJECT_CONVERSION = YES_AGGRESSIVE;
				CLANG_CXX_LANGUAGE_STANDARD = "gnu++14";
				CLANG_CXX_LIBRARY = "libc++";
				CLANG_ENABLE_MODULES = YES;
				CLANG_ENABLE_OBJC_ARC = YES;
				CLANG_ENABLE_OBJC_WEAK = YES;
				CLANG_WARN_BLOCK_CAPTURE_AUTORELEASING = YES;
				CLANG_WARN_BOOL_CONVERSION = YES;
				CLANG_WARN_COMMA = YES;
				CLANG_WARN_CONSTANT_CONVERSION = YES;
				CLANG_WARN_DEPRECATED_OBJC_IMPLEMENTATIONS = YES;
				CLANG_WARN_DIRECT_OBJC_ISA_USAGE = YES_ERROR;
				CLANG_WARN_DOCUMENTATION_COMMENTS = YES;
				CLANG_WARN_EMPTY_BODY = YES;
				CLANG_WARN_ENUM_CONVERSION = YES;
				CLANG_WARN_INFINITE_RECURSION = YES;
				CLANG_WARN_INT_CONVERSION = YES;
				CLANG_WARN_NON_LITERAL_NULL_CONVERSION = YES;
				CLANG_WARN_OBJC_IMPLICIT_RETAIN_SELF = YES;
				CLANG_WARN_OBJC_LITERAL_CONVERSION = YES;
				CLANG_WARN_OBJC_ROOT_CLASS = YES_ERROR;
				CLANG_WARN_RANGE_LOOP_ANALYSIS = YES;
				CLANG_WARN_STRICT_PROTOTYPES = YES;
				CLANG_WARN_SUSPICIOUS_MOVE = YES;
				CLANG_WARN_UNGUARDED_AVAILABILITY = YES_AGGRESSIVE;
				CLANG_WARN_UNREACHABLE_CODE = YES;
				CLANG_WARN__DUPLICATE_METHOD_MATCH = YES;
				CODE_SIGN_IDENTITY = "iPhone Developer";
				COPY_PHASE_STRIP = NO;
				DEBUG_INFORMATION_FORMAT = "dwarf-with-dsym";
				ENABLE_NS_ASSERTIONS = NO;
				ENABLE_STRICT_OBJC_MSGSEND = YES;
				GCC_C_LANGUAGE_STANDARD = gnu11;
				GCC_NO_COMMON_BLOCKS = YES;
				GCC_WARN_64_TO_32_BIT_CONVERSION = YES;
				GCC_WARN_ABOUT_RETURN_TYPE = YES_ERROR;
				GCC_WARN_UNDECLARED_SELECTOR = YES;
				GCC_WARN_UNINITIALIZED_AUTOS = YES_AGGRESSIVE;
				GCC_WARN_UNUSED_FUNCTION = YES;
				GCC_WARN_UNUSED_VARIABLE = YES;
				IPHONEOS_DEPLOYMENT_TARGET = 12.2;
				MTL_ENABLE_DEBUG_INFO = NO;
				MTL_FAST_MATH = YES;
				SDKROOT = iphoneos;
				SWIFT_COMPILATION_MODE = wholemodule;
				SWIFT_OPTIMIZATION_LEVEL = "-O";
				VALIDATE_PRODUCT = YES;
			};
			name = Release;
		};
		315C0AAD249C9DBB00F2A644 /* Debug */ = {
			isa = XCBuildConfiguration;
			buildSettings = {
				ASSETCATALOG_COMPILER_APPICON_NAME = AppIcon;
				CODE_SIGN_STYLE = Automatic;
				DEVELOPMENT_TEAM = UJS236S7YF;
				INFOPLIST_FILE = Codebase/Info.plist;
				LD_RUNPATH_SEARCH_PATHS = (
					"$(inherited)",
					"@executable_path/Frameworks",
				);
				PRODUCT_BUNDLE_IDENTIFIER = com.purkylin.Codebase;
				PRODUCT_NAME = "$(TARGET_NAME)";
				SWIFT_VERSION = 5.0;
				TARGETED_DEVICE_FAMILY = "1,2";
			};
			name = Debug;
		};
		315C0AAE249C9DBB00F2A644 /* Release */ = {
			isa = XCBuildConfiguration;
			buildSettings = {
				ASSETCATALOG_COMPILER_APPICON_NAME = AppIcon;
				CODE_SIGN_STYLE = Automatic;
				DEVELOPMENT_TEAM = UJS236S7YF;
				INFOPLIST_FILE = Codebase/Info.plist;
				LD_RUNPATH_SEARCH_PATHS = (
					"$(inherited)",
					"@executable_path/Frameworks",
				);
				PRODUCT_BUNDLE_IDENTIFIER = com.purkylin.Codebase;
				PRODUCT_NAME = "$(TARGET_NAME)";
				SWIFT_VERSION = 5.0;
				TARGETED_DEVICE_FAMILY = "1,2";
			};
			name = Release;
		};
		315C0ABB249C9E9200F2A644 /* Debug */ = {
			isa = XCBuildConfiguration;
			buildSettings = {
				BUNDLE_LOADER = "$(TEST_HOST)";
				CODE_SIGN_STYLE = Automatic;
				DEVELOPMENT_TEAM = UJS236S7YF;
				INFOPLIST_FILE = CodebaseTests/Info.plist;
				LD_RUNPATH_SEARCH_PATHS = (
					"$(inherited)",
					"@executable_path/Frameworks",
					"@loader_path/Frameworks",
				);
				PRODUCT_BUNDLE_IDENTIFIER = com.purkylin.CodebaseTests;
				PRODUCT_NAME = "$(TARGET_NAME)";
				SWIFT_VERSION = 5.0;
				TARGETED_DEVICE_FAMILY = "1,2";
				TEST_HOST = "$(BUILT_PRODUCTS_DIR)/Codebase.app/Codebase";
			};
			name = Debug;
		};
		315C0ABC249C9E9200F2A644 /* Release */ = {
			isa = XCBuildConfiguration;
			buildSettings = {
				BUNDLE_LOADER = "$(TEST_HOST)";
				CODE_SIGN_STYLE = Automatic;
				DEVELOPMENT_TEAM = UJS236S7YF;
				INFOPLIST_FILE = CodebaseTests/Info.plist;
				LD_RUNPATH_SEARCH_PATHS = (
					"$(inherited)",
					"@executable_path/Frameworks",
					"@loader_path/Frameworks",
				);
				PRODUCT_BUNDLE_IDENTIFIER = com.purkylin.CodebaseTests;
				PRODUCT_NAME = "$(TARGET_NAME)";
				SWIFT_VERSION = 5.0;
				TARGETED_DEVICE_FAMILY = "1,2";
				TEST_HOST = "$(BUILT_PRODUCTS_DIR)/Codebase.app/Codebase";
			};
			name = Release;
		};
/* End XCBuildConfiguration section */

/* Begin XCConfigurationList section */
		315C0A95249C9DBA00F2A644 /* Build configuration list for PBXProject "Codebase" */ = {
			isa = XCConfigurationList;
			buildConfigurations = (
				315C0AAA249C9DBB00F2A644 /* Debug */,
				315C0AAB249C9DBB00F2A644 /* Release */,
			);
			defaultConfigurationIsVisible = 0;
			defaultConfigurationName = Release;
		};
		315C0AAC249C9DBB00F2A644 /* Build configuration list for PBXNativeTarget "Codebase" */ = {
			isa = XCConfigurationList;
			buildConfigurations = (
				315C0AAD249C9DBB00F2A644 /* Debug */,
				315C0AAE249C9DBB00F2A644 /* Release */,
			);
			defaultConfigurationIsVisible = 0;
			defaultConfigurationName = Release;
		};
		315C0ABA249C9E9200F2A644 /* Build configuration list for PBXNativeTarget "CodebaseTests" */ = {
			isa = XCConfigurationList;
			buildConfigurations = (
				315C0ABB249C9E9200F2A644 /* Debug */,
				315C0ABC249C9E9200F2A644 /* Release */,
			);
			defaultConfigurationIsVisible = 0;
			defaultConfigurationName = Release;
		};
/* End XCConfigurationList section */
	};
	rootObject = 315C0A92249C9DBA00F2A644 /* Project object */;
}
